
Microsoft Visual Studio Solution File, Format Version 12.00
# Visual Studio Version 16
VisualStudioVersion = 16.0.30711.63
MinimumVisualStudioVersion = 10.0.40219.1
Project("{FAE04EC0-301F-11D3-BF4B-00C04F79EFBC}") = "PairDiv3", "PairDiv3\PairDiv3.csproj", "{D0818984-DEB2-4F73-8601-D5DA9A8F10E2}"
EndProject
Project("{FAE04EC0-301F-11D3-BF4B-00C04F79EFBC}") = "OneDimArray", "OneDimArray\OneDimArray.csproj", "{49A477EC-CBB4-4695-93D4-DD9B5D9D937D}"
EndProject
Global
	GlobalSection(SolutionConfigurationPlatforms) = preSolution
		Debug|Any CPU = Debug|Any CPU
		Release|Any CPU = Release|Any CPU
	EndGlobalSection
	GlobalSection(ProjectConfigurationPlatforms) = postSolution
		{D0818984-DEB2-4F73-8601-D5DA9A8F10E2}.Debug|Any CPU.ActiveCfg = Debug|Any CPU
		{D0818984-DEB2-4F73-8601-D5DA9A8F10E2}.Debug|Any CPU.Build.0 = Debug|Any CPU
		{D0818984-DEB2-4F73-8601-D5DA9A8F10E2}.Release|Any CPU.ActiveCfg = Release|Any CPU
		{D0818984-DEB2-4F73-8601-D5DA9A8F10E2}.Release|Any CPU.Build.0 = Release|Any CPU
		{49A477EC-CBB4-4695-93D4-DD9B5D9D937D}.Debug|Any CPU.ActiveCfg = Debug|Any CPU
		{49A477EC-CBB4-4695-93D4-DD9B5D9D937D}.Debug|Any CPU.Build.0 = Debug|Any CPU
		{49A477EC-CBB4-4695-93D4-DD9B5D9D937D}.Release|Any CPU.ActiveCfg = Release|Any CPU
		{49A477EC-CBB4-4695-93D4-DD9B5D9D937D}.Release|Any CPU.Build.0 = Release|Any CPU
	EndGlobalSection
	GlobalSection(SolutionProperties) = preSolution
		HideSolutionNode = FALSE
	EndGlobalSection
	GlobalSection(ExtensibilityGlobals) = postSolution
		SolutionGuid = {C079F3B6-3E59-4ABF-8E9E-199BADB216AD}
	EndGlobalSection
EndGlobal
